{
  "name": "api",
  "version": "1.0.0",
  "lockfileVersion": 2,
  "requires": true,
  "packages": {
    "": {
      "name": "api",
      "version": "1.0.0",
      "license": "ISC",
      "dependencies": {
        "@google/generative-ai": "^0.1.2"
      }
    },
    "node_modules/@google/generative-ai": {
      "version": "0.1.2",
      "resolved": "https://registry.npmjs.org/@google/generative-ai/-/generative-ai-0.1.2.tgz",
      "integrity": "sha512-54easvKJpqnsW48LcplF/8bnLKvXeYe34rfMMdgqMVZEQmLOLEKZvbif4mFmyVwoMg1/6MPLwD703RLuSJKLJw==",
      "engines": {
        "node": ">=18.0.0"
      }
    }
  },
  "dependencies": {
    "@google/generative-ai": {
      "version": "0.1.2",
      "resolved": "https://registry.npmjs.org/@google/generative-ai/-/generative-ai-0.1.2.tgz",
      "integrity": "sha512-54easvKJpqnsW48LcplF/8bnLKvXeYe34rfMMdgqMVZEQmLOLEKZvbif4mFmyVwoMg1/6MPLwD703RLuSJKLJw=="
    }
  }
}
